{
  "name": "gcn-kafka",
  "version": "0.2.2",
  "lockfileVersion": 2,
  "requires": true,
  "packages": {
    "": {
      "name": "gcn-kafka",
      "version": "0.2.2",
      "license": "CC0-1.0",
      "dependencies": {
        "@mongodb-js/zstd": "^1.2.0",
        "kafkajs": "^2.0.2",
        "openid-client": "^5.1.6"
      },
      "devDependencies": {
        "@tsconfig/node14": "^14.1.2",
        "@types/node": "^22.0.0",
        "prettier": "3.3.3",
        "typescript": "^5.5.3"
      },
      "engines": {
        "node": ">=14"
      }
    },
    "node_modules/@mongodb-js/zstd": {
      "version": "1.2.0",
      "resolved": "https://registry.npmjs.org/@mongodb-js/zstd/-/zstd-1.2.0.tgz",
      "integrity": "sha512-sKHsJU2MXsp822IFXOHw/4mpFulScNHpZzVy1Zi5k5wBsdiAPx1QramyOXZkpacla+2QPEC/s7TxPlEhG/HuNQ==",
      "engines": {
        "node": ">= 10"
      },
      "optionalDependencies": {
        "@mongodb-js/zstd-darwin-arm64": "1.2.0",
        "@mongodb-js/zstd-darwin-x64": "1.2.0",
        "@mongodb-js/zstd-linux-arm64-gnu": "1.2.0",
        "@mongodb-js/zstd-linux-arm64-musl": "1.2.0",
        "@mongodb-js/zstd-linux-x64-gnu": "1.2.0",
        "@mongodb-js/zstd-linux-x64-musl": "1.2.0",
        "@mongodb-js/zstd-win32-x64-msvc": "1.2.0"
      }
    },
    "node_modules/@mongodb-js/zstd-darwin-arm64": {
      "version": "1.2.0",
      "resolved": "https://registry.npmjs.org/@mongodb-js/zstd-darwin-arm64/-/zstd-darwin-arm64-1.2.0.tgz",
      "integrity": "sha512-QWgW6IkWp3ErBXOvlOj9lw3lwMfey7eXh/p/Srb/7sEiu1e0yEO+LQ8IctmDWh8bfznKXmwUC0h7LKDbYR30yw==",
      "cpu": [
        "arm64"
      ],
      "optional": true,
      "os": [
        "darwin"
      ],
      "engines": {
        "node": ">= 10"
      }
    },
    "node_modules/@mongodb-js/zstd-darwin-x64": {
      "version": "1.2.0",
      "resolved": "https://registry.npmjs.org/@mongodb-js/zstd-darwin-x64/-/zstd-darwin-x64-1.2.0.tgz",
      "integrity": "sha512-VnxYO8P2SWubdnydGId5+6veO6Ki6nxCr/pTaDZd8s4Urn6bDdXSX6YsZ0r42dO3Fa0FVYzrlcVAuNB67e2b6w==",
      "cpu": [
        "x64"
      ],
      "optional": true,
      "os": [
        "darwin"
      ],
      "engines": {
        "node": ">= 10"
      }
    },
    "node_modules/@mongodb-js/zstd-linux-arm64-gnu": {
      "version": "1.2.0",
      "resolved": "https://registry.npmjs.org/@mongodb-js/zstd-linux-arm64-gnu/-/zstd-linux-arm64-gnu-1.2.0.tgz",
      "integrity": "sha512-TYF0XgNJW6UrvtY2u4Uuo5HiVWNgWNZ/ae2BhVp8hNsDhwFqb/YNoyiZqBei6whUwr8hecMy0UaHAXm3h+O2+Q==",
      "cpu": [
        "arm64"
      ],
      "optional": true,
      "os": [
        "linux"
      ],
      "engines": {
        "node": ">= 10"
      }
    },
    "node_modules/@mongodb-js/zstd-linux-arm64-musl": {
      "version": "1.2.0",
      "resolved": "https://registry.npmjs.org/@mongodb-js/zstd-linux-arm64-musl/-/zstd-linux-arm64-musl-1.2.0.tgz",
      "integrity": "sha512-e2ClmJI1BvJq23VSLH14hgjjjcMOad3R/Ap7Q7dTa1uiVSJG4xKd2CmrWQgX1Az4/EfUMWEI7pb4yuanbdd2AQ==",
      "cpu": [
        "arm64"
      ],
      "optional": true,
      "os": [
        "linux"
      ],
      "engines": {
        "node": ">= 10"
      }
    },
    "node_modules/@mongodb-js/zstd-linux-x64-gnu": {
      "version": "1.2.0",
      "resolved": "https://registry.npmjs.org/@mongodb-js/zstd-linux-x64-gnu/-/zstd-linux-x64-gnu-1.2.0.tgz",
      "integrity": "sha512-JuoK8lxUlkFPDBfsBUJKnLxpXA5ar+v7G43lIUlBKgjOp5aEWO/qQp5sNgCRnYA7x6PItYqIkEJjsays4N6JOA==",
      "cpu": [
        "x64"
      ],
      "optional": true,
      "os": [
        "linux"
      ],
      "engines": {
        "node": ">= 10"
      }
    },
    "node_modules/@mongodb-js/zstd-linux-x64-musl": {
      "version": "1.2.0",
      "resolved": "https://registry.npmjs.org/@mongodb-js/zstd-linux-x64-musl/-/zstd-linux-x64-musl-1.2.0.tgz",
      "integrity": "sha512-pSb1iUF3Gc/qrJuP/Mi5ry4YFAUdUVFKNRZh1KTDDhSWyRCLd9gKcNdRnXqJjIdeGGEKf4bhtZAbYw4i/g0foA==",
      "cpu": [
        "x64"
      ],
      "optional": true,
      "os": [
        "linux"
      ],
      "engines": {
        "node": ">= 10"
      }
    },
    "node_modules/@mongodb-js/zstd-win32-x64-msvc": {
      "version": "1.2.0",
      "resolved": "https://registry.npmjs.org/@mongodb-js/zstd-win32-x64-msvc/-/zstd-win32-x64-msvc-1.2.0.tgz",
      "integrity": "sha512-iz4Yl+WK3yr/4Yg6F4tKz3X9+yMZDK6pyBMA0CdXydSDZs6o2XQ2I0ZSu3oSk/ACfaZX3SNfRi3XTGgAM1eKZA==",
      "cpu": [
        "x64"
      ],
      "optional": true,
      "os": [
        "win32"
      ],
      "engines": {
        "node": ">= 10"
      }
    },
    "node_modules/@tsconfig/node14": {
      "version": "14.1.2",
      "resolved": "https://registry.npmjs.org/@tsconfig/node14/-/node14-14.1.2.tgz",
      "integrity": "sha512-1vncsbfCZ3TBLPxesRYz02Rn7SNJfbLoDVkcZ7F/ixOV6nwxwgdhD1mdPcc5YQ413qBJ8CvMxXMFfJ7oawjo7Q==",
      "dev": true
    },
    "node_modules/@types/node": {
      "version": "22.1.0",
      "resolved": "https://registry.npmjs.org/@types/node/-/node-22.1.0.tgz",
      "integrity": "sha512-AOmuRF0R2/5j1knA3c6G3HOk523Ga+l+ZXltX8SF1+5oqcXijjfTd8fY3XRZqSihEu9XhtQnKYLmkFaoxgsJHw==",
      "dev": true,
      "dependencies": {
        "undici-types": "~6.13.0"
      }
    },
    "node_modules/jose": {
      "version": "4.15.5",
      "resolved": "https://registry.npmjs.org/jose/-/jose-4.15.5.tgz",
      "integrity": "sha512-jc7BFxgKPKi94uOvEmzlSWFFe2+vASyXaKUpdQKatWAESU2MWjDfFf0fdfc83CDKcA5QecabZeNLyfhe3yKNkg==",
      "funding": {
        "url": "https://github.com/sponsors/panva"
      }
    },
    "node_modules/kafkajs": {
      "version": "2.2.4",
      "resolved": "https://registry.npmjs.org/kafkajs/-/kafkajs-2.2.4.tgz",
      "integrity": "sha512-j/YeapB1vfPT2iOIUn/vxdyKEuhuY2PxMBvf5JWux6iSaukAccrMtXEY/Lb7OvavDhOWME589bpLrEdnVHjfjA==",
      "engines": {
        "node": ">=14.0.0"
      }
    },
    "node_modules/lru-cache": {
      "version": "6.0.0",
      "resolved": "https://registry.npmjs.org/lru-cache/-/lru-cache-6.0.0.tgz",
      "integrity": "sha512-Jo6dJ04CmSjuznwJSS3pUeWmd/H0ffTlkXXgwZi+eq1UCmqQwCh+eLsYOYCwY991i2Fah4h1BEMCx4qThGbsiA==",
      "dependencies": {
        "yallist": "^4.0.0"
      },
      "engines": {
        "node": ">=10"
      }
    },
    "node_modules/object-hash": {
      "version": "2.2.0",
      "resolved": "https://registry.npmjs.org/object-hash/-/object-hash-2.2.0.tgz",
      "integrity": "sha512-gScRMn0bS5fH+IuwyIFgnh9zBdo4DV+6GhygmWM9HyNJSgS0hScp1f5vjtm7oIIOiT9trXrShAkLFSc2IqKNgw==",
      "engines": {
        "node": ">= 6"
      }
    },
    "node_modules/oidc-token-hash": {
      "version": "5.0.3",
      "resolved": "https://registry.npmjs.org/oidc-token-hash/-/oidc-token-hash-5.0.3.tgz",
      "integrity": "sha512-IF4PcGgzAr6XXSff26Sk/+P4KZFJVuHAJZj3wgO3vX2bMdNVp/QXTP3P7CEm9V1IdG8lDLY3HhiqpsE/nOwpPw==",
      "engines": {
        "node": "^10.13.0 || >=12.0.0"
      }
    },
    "node_modules/openid-client": {
      "version": "5.6.5",
      "resolved": "https://registry.npmjs.org/openid-client/-/openid-client-5.6.5.tgz",
      "integrity": "sha512-5P4qO9nGJzB5PI0LFlhj4Dzg3m4odt0qsJTfyEtZyOlkgpILwEioOhVVJOrS1iVH494S4Ee5OCjjg6Bf5WOj3w==",
      "dependencies": {
        "jose": "^4.15.5",
        "lru-cache": "^6.0.0",
        "object-hash": "^2.2.0",
        "oidc-token-hash": "^5.0.3"
      },
      "funding": {
        "url": "https://github.com/sponsors/panva"
      }
    },
    "node_modules/prettier": {
      "version": "3.3.3",
      "resolved": "https://registry.npmjs.org/prettier/-/prettier-3.3.3.tgz",
      "integrity": "sha512-i2tDNA0O5IrMO757lfrdQZCc2jPNDVntV0m/+4whiDfWaTKfMNgR7Qz0NAeGz/nRqF4m5/6CLzbP4/liHt12Ew==",
      "dev": true,
      "bin": {
        "prettier": "bin/prettier.cjs"
      },
      "engines": {
        "node": ">=14"
      },
      "funding": {
        "url": "https://github.com/prettier/prettier?sponsor=1"
      }
    },
    "node_modules/typescript": {
      "version": "5.5.4",
      "resolved": "https://registry.npmjs.org/typescript/-/typescript-5.5.4.tgz",
      "integrity": "sha512-Mtq29sKDAEYP7aljRgtPOpTvOfbwRWlS6dPRzwjdE+C0R4brX/GUyhHSecbHMFLNBLcJIPt9nl9yG5TZ1weH+Q==",
      "dev": true,
      "bin": {
        "tsc": "bin/tsc",
        "tsserver": "bin/tsserver"
      },
      "engines": {
        "node": ">=14.17"
      }
    },
    "node_modules/undici-types": {
      "version": "6.13.0",
      "resolved": "https://registry.npmjs.org/undici-types/-/undici-types-6.13.0.tgz",
      "integrity": "sha512-xtFJHudx8S2DSoujjMd1WeWvn7KKWFRESZTMeL1RptAYERu29D6jphMjjY+vn96jvN3kVPDNxU/E13VTaXj6jg==",
      "dev": true
    },
    "node_modules/yallist": {
      "version": "4.0.0",
      "resolved": "https://registry.npmjs.org/yallist/-/yallist-4.0.0.tgz",
      "integrity": "sha512-3wdGidZyq5PB084XLES5TpOSRA3wjXAlIWMhum2kRcv/41Sn2emQ0dycQW4uZXLejwKvg6EsvbdlVL+FYEct7A=="
    }
  },
  "dependencies": {
    "@mongodb-js/zstd": {
      "version": "1.2.0",
      "resolved": "https://registry.npmjs.org/@mongodb-js/zstd/-/zstd-1.2.0.tgz",
      "integrity": "sha512-sKHsJU2MXsp822IFXOHw/4mpFulScNHpZzVy1Zi5k5wBsdiAPx1QramyOXZkpacla+2QPEC/s7TxPlEhG/HuNQ==",
      "requires": {
        "@mongodb-js/zstd-darwin-arm64": "1.2.0",
        "@mongodb-js/zstd-darwin-x64": "1.2.0",
        "@mongodb-js/zstd-linux-arm64-gnu": "1.2.0",
        "@mongodb-js/zstd-linux-arm64-musl": "1.2.0",
        "@mongodb-js/zstd-linux-x64-gnu": "1.2.0",
        "@mongodb-js/zstd-linux-x64-musl": "1.2.0",
        "@mongodb-js/zstd-win32-x64-msvc": "1.2.0"
      }
    },
    "@mongodb-js/zstd-darwin-arm64": {
      "version": "1.2.0",
      "resolved": "https://registry.npmjs.org/@mongodb-js/zstd-darwin-arm64/-/zstd-darwin-arm64-1.2.0.tgz",
      "integrity": "sha512-QWgW6IkWp3ErBXOvlOj9lw3lwMfey7eXh/p/Srb/7sEiu1e0yEO+LQ8IctmDWh8bfznKXmwUC0h7LKDbYR30yw==",
      "optional": true
    },
    "@mongodb-js/zstd-darwin-x64": {
      "version": "1.2.0",
      "resolved": "https://registry.npmjs.org/@mongodb-js/zstd-darwin-x64/-/zstd-darwin-x64-1.2.0.tgz",
      "integrity": "sha512-VnxYO8P2SWubdnydGId5+6veO6Ki6nxCr/pTaDZd8s4Urn6bDdXSX6YsZ0r42dO3Fa0FVYzrlcVAuNB67e2b6w==",
      "optional": true
    },
    "@mongodb-js/zstd-linux-arm64-gnu": {
      "version": "1.2.0",
      "resolved": "https://registry.npmjs.org/@mongodb-js/zstd-linux-arm64-gnu/-/zstd-linux-arm64-gnu-1.2.0.tgz",
      "integrity": "sha512-TYF0XgNJW6UrvtY2u4Uuo5HiVWNgWNZ/ae2BhVp8hNsDhwFqb/YNoyiZqBei6whUwr8hecMy0UaHAXm3h+O2+Q==",
      "optional": true
    },
    "@mongodb-js/zstd-linux-arm64-musl": {
      "version": "1.2.0",
      "resolved": "https://registry.npmjs.org/@mongodb-js/zstd-linux-arm64-musl/-/zstd-linux-arm64-musl-1.2.0.tgz",
      "integrity": "sha512-e2ClmJI1BvJq23VSLH14hgjjjcMOad3R/Ap7Q7dTa1uiVSJG4xKd2CmrWQgX1Az4/EfUMWEI7pb4yuanbdd2AQ==",
      "optional": true
    },
    "@mongodb-js/zstd-linux-x64-gnu": {
      "version": "1.2.0",
      "resolved": "https://registry.npmjs.org/@mongodb-js/zstd-linux-x64-gnu/-/zstd-linux-x64-gnu-1.2.0.tgz",
      "integrity": "sha512-JuoK8lxUlkFPDBfsBUJKnLxpXA5ar+v7G43lIUlBKgjOp5aEWO/qQp5sNgCRnYA7x6PItYqIkEJjsays4N6JOA==",
      "optional": true
    },
    "@mongodb-js/zstd-linux-x64-musl": {
      "version": "1.2.0",
      "resolved": "https://registry.npmjs.org/@mongodb-js/zstd-linux-x64-musl/-/zstd-linux-x64-musl-1.2.0.tgz",
      "integrity": "sha512-pSb1iUF3Gc/qrJuP/Mi5ry4YFAUdUVFKNRZh1KTDDhSWyRCLd9gKcNdRnXqJjIdeGGEKf4bhtZAbYw4i/g0foA==",
      "optional": true
    },
    "@mongodb-js/zstd-win32-x64-msvc": {
      "version": "1.2.0",
      "resolved": "https://registry.npmjs.org/@mongodb-js/zstd-win32-x64-msvc/-/zstd-win32-x64-msvc-1.2.0.tgz",
      "integrity": "sha512-iz4Yl+WK3yr/4Yg6F4tKz3X9+yMZDK6pyBMA0CdXydSDZs6o2XQ2I0ZSu3oSk/ACfaZX3SNfRi3XTGgAM1eKZA==",
      "optional": true
    },
    "@tsconfig/node14": {
      "version": "14.1.2",
      "resolved": "https://registry.npmjs.org/@tsconfig/node14/-/node14-14.1.2.tgz",
      "integrity": "sha512-1vncsbfCZ3TBLPxesRYz02Rn7SNJfbLoDVkcZ7F/ixOV6nwxwgdhD1mdPcc5YQ413qBJ8CvMxXMFfJ7oawjo7Q==",
      "dev": true
    },
    "@types/node": {
      "version": "22.1.0",
      "resolved": "https://registry.npmjs.org/@types/node/-/node-22.1.0.tgz",
      "integrity": "sha512-AOmuRF0R2/5j1knA3c6G3HOk523Ga+l+ZXltX8SF1+5oqcXijjfTd8fY3XRZqSihEu9XhtQnKYLmkFaoxgsJHw==",
      "dev": true,
      "requires": {
        "undici-types": "~6.13.0"
      }
    },
    "jose": {
      "version": "4.15.5",
      "resolved": "https://registry.npmjs.org/jose/-/jose-4.15.5.tgz",
      "integrity": "sha512-jc7BFxgKPKi94uOvEmzlSWFFe2+vASyXaKUpdQKatWAESU2MWjDfFf0fdfc83CDKcA5QecabZeNLyfhe3yKNkg=="
    },
    "kafkajs": {
      "version": "2.2.4",
      "resolved": "https://registry.npmjs.org/kafkajs/-/kafkajs-2.2.4.tgz",
      "integrity": "sha512-j/YeapB1vfPT2iOIUn/vxdyKEuhuY2PxMBvf5JWux6iSaukAccrMtXEY/Lb7OvavDhOWME589bpLrEdnVHjfjA=="
    },
    "lru-cache": {
      "version": "6.0.0",
      "resolved": "https://registry.npmjs.org/lru-cache/-/lru-cache-6.0.0.tgz",
      "integrity": "sha512-Jo6dJ04CmSjuznwJSS3pUeWmd/H0ffTlkXXgwZi+eq1UCmqQwCh+eLsYOYCwY991i2Fah4h1BEMCx4qThGbsiA==",
      "requires": {
        "yallist": "^4.0.0"
      }
    },
    "object-hash": {
      "version": "2.2.0",
      "resolved": "https://registry.npmjs.org/object-hash/-/object-hash-2.2.0.tgz",
      "integrity": "sha512-gScRMn0bS5fH+IuwyIFgnh9zBdo4DV+6GhygmWM9HyNJSgS0hScp1f5vjtm7oIIOiT9trXrShAkLFSc2IqKNgw=="
    },
    "oidc-token-hash": {
      "version": "5.0.3",
      "resolved": "https://registry.npmjs.org/oidc-token-hash/-/oidc-token-hash-5.0.3.tgz",
      "integrity": "sha512-IF4PcGgzAr6XXSff26Sk/+P4KZFJVuHAJZj3wgO3vX2bMdNVp/QXTP3P7CEm9V1IdG8lDLY3HhiqpsE/nOwpPw=="
    },
    "openid-client": {
      "version": "5.6.5",
      "resolved": "https://registry.npmjs.org/openid-client/-/openid-client-5.6.5.tgz",
      "integrity": "sha512-5P4qO9nGJzB5PI0LFlhj4Dzg3m4odt0qsJTfyEtZyOlkgpILwEioOhVVJOrS1iVH494S4Ee5OCjjg6Bf5WOj3w==",
      "requires": {
        "jose": "^4.15.5",
        "lru-cache": "^6.0.0",
        "object-hash": "^2.2.0",
        "oidc-token-hash": "^5.0.3"
      }
    },
    "prettier": {
      "version": "3.3.3",
      "resolved": "https://registry.npmjs.org/prettier/-/prettier-3.3.3.tgz",
      "integrity": "sha512-i2tDNA0O5IrMO757lfrdQZCc2jPNDVntV0m/+4whiDfWaTKfMNgR7Qz0NAeGz/nRqF4m5/6CLzbP4/liHt12Ew==",
      "dev": true
    },
    "typescript": {
      "version": "5.5.4",
      "resolved": "https://registry.npmjs.org/typescript/-/typescript-5.5.4.tgz",
      "integrity": "sha512-Mtq29sKDAEYP7aljRgtPOpTvOfbwRWlS6dPRzwjdE+C0R4brX/GUyhHSecbHMFLNBLcJIPt9nl9yG5TZ1weH+Q==",
      "dev": true
    },
    "undici-types": {
      "version": "6.13.0",
      "resolved": "https://registry.npmjs.org/undici-types/-/undici-types-6.13.0.tgz",
      "integrity": "sha512-xtFJHudx8S2DSoujjMd1WeWvn7KKWFRESZTMeL1RptAYERu29D6jphMjjY+vn96jvN3kVPDNxU/E13VTaXj6jg==",
      "dev": true
    },
    "yallist": {
      "version": "4.0.0",
      "resolved": "https://registry.npmjs.org/yallist/-/yallist-4.0.0.tgz",
      "integrity": "sha512-3wdGidZyq5PB084XLES5TpOSRA3wjXAlIWMhum2kRcv/41Sn2emQ0dycQW4uZXLejwKvg6EsvbdlVL+FYEct7A=="
    }
  }
}
