{
  "name": "gcn-kafka",
  "version": "0.2.3",
  "lockfileVersion": 2,
  "requires": true,
  "packages": {
    "": {
      "name": "gcn-kafka",
      "version": "0.2.3",
      "license": "CC0-1.0",
      "dependencies": {
        "@mongodb-js/zstd": "^1.2.0",
        "kafkajs": "^2.0.2",
        "openid-client": "^6.1.6"
      },
      "devDependencies": {
        "@tsconfig/node14": "^14.1.2",
        "@types/node": "^22.0.0",
        "prettier": "3.3.3",
        "typescript": "^5.5.3"
      },
      "engines": {
        "node": ">=14"
      }
    },
    "node_modules/@mongodb-js/zstd": {
      "version": "1.2.2",
      "resolved": "https://registry.npmjs.org/@mongodb-js/zstd/-/zstd-1.2.2.tgz",
      "integrity": "sha512-NRXiFhk2Nl8UMuIZ4pviKkGVZY/e5P37Opam1u0OtgXjEE0kO1HLapA9heTcZ1PUomArnKS426XbiRFr5iaWvw==",
      "engines": {
        "node": ">= 10"
      },
      "optionalDependencies": {
        "@mongodb-js/zstd-darwin-arm64": "1.2.2",
        "@mongodb-js/zstd-darwin-x64": "1.2.2",
        "@mongodb-js/zstd-linux-arm64-gnu": "1.2.2",
        "@mongodb-js/zstd-linux-arm64-musl": "1.2.2",
        "@mongodb-js/zstd-linux-x64-gnu": "1.2.2",
        "@mongodb-js/zstd-linux-x64-musl": "1.2.2",
        "@mongodb-js/zstd-win32-x64-msvc": "1.2.2"
      }
    },
    "node_modules/@mongodb-js/zstd-darwin-arm64": {
      "version": "1.2.2",
      "resolved": "https://registry.npmjs.org/@mongodb-js/zstd-darwin-arm64/-/zstd-darwin-arm64-1.2.2.tgz",
      "integrity": "sha512-hjQgub8fhn3itewwRSCSe3sl8rmnbZOFwuBHOZj4j4xu1Hde7xs+ACkfeEvvmNjUuxAzvc1MnDjHX2UwUlA7qA==",
      "cpu": [
        "arm64"
      ],
      "optional": true,
      "os": [
        "darwin"
      ],
      "engines": {
        "node": ">= 10"
      }
    },
    "node_modules/@mongodb-js/zstd-darwin-x64": {
      "version": "1.2.2",
      "resolved": "https://registry.npmjs.org/@mongodb-js/zstd-darwin-x64/-/zstd-darwin-x64-1.2.2.tgz",
      "integrity": "sha512-gHSxcWgAdED/bDKyOqLhiwC0VYlhkhSyQuR0Fqcrl1CMpWSJAfu0jxhaEvM4Ncs6yH0+BPVwTp8xtHW2iJ5DuQ==",
      "cpu": [
        "x64"
      ],
      "optional": true,
      "os": [
        "darwin"
      ],
      "engines": {
        "node": ">= 10"
      }
    },
    "node_modules/@mongodb-js/zstd-linux-arm64-gnu": {
      "version": "1.2.2",
      "resolved": "https://registry.npmjs.org/@mongodb-js/zstd-linux-arm64-gnu/-/zstd-linux-arm64-gnu-1.2.2.tgz",
      "integrity": "sha512-DJVSC5IU/GlY9lY4qpKML/655OstZvueN/WZeuO8hyYJ5115x/usUM1pHpp7dbZWyUUhTlRIU4peR62Tk1H3lQ==",
      "cpu": [
        "arm64"
      ],
      "optional": true,
      "os": [
        "linux"
      ],
      "engines": {
        "node": ">= 10"
      }
    },
    "node_modules/@mongodb-js/zstd-linux-arm64-musl": {
      "version": "1.2.2",
      "resolved": "https://registry.npmjs.org/@mongodb-js/zstd-linux-arm64-musl/-/zstd-linux-arm64-musl-1.2.2.tgz",
      "integrity": "sha512-rxTmMF2NGLLijnw+MZCs0ixiE+NylpDYvUUkJemqjyHstlmYG0Ku6i3+SzViB6L0kkktwYSRpaI4y7OG+SFt3w==",
      "cpu": [
        "arm64"
      ],
      "optional": true,
      "os": [
        "linux"
      ],
      "engines": {
        "node": ">= 10"
      }
    },
    "node_modules/@mongodb-js/zstd-linux-x64-gnu": {
      "version": "1.2.2",
      "resolved": "https://registry.npmjs.org/@mongodb-js/zstd-linux-x64-gnu/-/zstd-linux-x64-gnu-1.2.2.tgz",
      "integrity": "sha512-ctz/XY6aX2THxkTjAygOYbyFp2/UYbqZIF3sB1F5Cjcbus9wfD3vPbaDegqRjQhlHBvKia3IjqJDUiC+aZxmww==",
      "cpu": [
        "x64"
      ],
      "optional": true,
      "os": [
        "linux"
      ],
      "engines": {
        "node": ">= 10"
      }
    },
    "node_modules/@mongodb-js/zstd-linux-x64-musl": {
      "version": "1.2.2",
      "resolved": "https://registry.npmjs.org/@mongodb-js/zstd-linux-x64-musl/-/zstd-linux-x64-musl-1.2.2.tgz",
      "integrity": "sha512-EqD271yPIRBGbkMtBJSVTLlUrukTsmi7qt1G3dh+Z9RWVXn5MXnlnEn4znfBXoaVqlniUNZhmzDEaATNIktJpw==",
      "cpu": [
        "x64"
      ],
      "optional": true,
      "os": [
        "linux"
      ],
      "engines": {
        "node": ">= 10"
      }
    },
    "node_modules/@mongodb-js/zstd-win32-x64-msvc": {
      "version": "1.2.2",
      "resolved": "https://registry.npmjs.org/@mongodb-js/zstd-win32-x64-msvc/-/zstd-win32-x64-msvc-1.2.2.tgz",
      "integrity": "sha512-h3O9NGOrGtfQ7g+rFqs5Hn+GSmgF2ik+xg0/1crNUXWthcBsxcCK5woawHfDcJxWkaiijJe5PVo6/fo8Jm7qCg==",
      "cpu": [
        "x64"
      ],
      "optional": true,
      "os": [
        "win32"
      ],
      "engines": {
        "node": ">= 10"
      }
    },
    "node_modules/@tsconfig/node14": {
      "version": "14.1.2",
      "resolved": "https://registry.npmjs.org/@tsconfig/node14/-/node14-14.1.2.tgz",
      "integrity": "sha512-1vncsbfCZ3TBLPxesRYz02Rn7SNJfbLoDVkcZ7F/ixOV6nwxwgdhD1mdPcc5YQ413qBJ8CvMxXMFfJ7oawjo7Q==",
      "dev": true
    },
    "node_modules/@types/node": {
      "version": "22.9.3",
      "resolved": "https://registry.npmjs.org/@types/node/-/node-22.9.3.tgz",
      "integrity": "sha512-F3u1fs/fce3FFk+DAxbxc78DF8x0cY09RRL8GnXLmkJ1jvx3TtPdWoTT5/NiYfI5ASqXBmfqJi9dZ3gxMx4lzw==",
      "dev": true,
      "dependencies": {
        "undici-types": "~6.19.8"
      }
    },
    "node_modules/jose": {
      "version": "5.9.6",
      "resolved": "https://registry.npmjs.org/jose/-/jose-5.9.6.tgz",
      "integrity": "sha512-AMlnetc9+CV9asI19zHmrgS/WYsWUwCn2R7RzlbJWD7F9eWYUTGyBmU9o6PxngtLGOiDGPRu+Uc4fhKzbpteZQ==",
      "funding": {
        "url": "https://github.com/sponsors/panva"
      }
    },
    "node_modules/kafkajs": {
      "version": "2.2.4",
      "resolved": "https://registry.npmjs.org/kafkajs/-/kafkajs-2.2.4.tgz",
      "integrity": "sha512-j/YeapB1vfPT2iOIUn/vxdyKEuhuY2PxMBvf5JWux6iSaukAccrMtXEY/Lb7OvavDhOWME589bpLrEdnVHjfjA==",
      "engines": {
        "node": ">=14.0.0"
      }
    },
    "node_modules/oauth4webapi": {
      "version": "3.1.3",
      "resolved": "https://registry.npmjs.org/oauth4webapi/-/oauth4webapi-3.1.3.tgz",
      "integrity": "sha512-dik5wEMdFL5p3JlijYvM7wMNCgaPhblLIDCZtdXcaZp5wgu5Iwmsu7lMzgFhIDTi5d0BJo03LVoOoFQvXMeOeQ==",
      "funding": {
        "url": "https://github.com/sponsors/panva"
      }
    },
    "node_modules/openid-client": {
      "version": "6.1.6",
      "resolved": "https://registry.npmjs.org/openid-client/-/openid-client-6.1.6.tgz",
      "integrity": "sha512-ZvMKXUKKQ7AA2ZykmoA8C/1DovRY2Fzdp860xcZQIAZoWS7OGZcO9Z2FJ53jAAO505VTD7M2mgW0fdiJqaf8CQ==",
      "dependencies": {
        "jose": "^5.9.6",
        "oauth4webapi": "^3.1.3"
      },
      "funding": {
        "url": "https://github.com/sponsors/panva"
      }
    },
    "node_modules/prettier": {
      "version": "3.3.3",
      "resolved": "https://registry.npmjs.org/prettier/-/prettier-3.3.3.tgz",
      "integrity": "sha512-i2tDNA0O5IrMO757lfrdQZCc2jPNDVntV0m/+4whiDfWaTKfMNgR7Qz0NAeGz/nRqF4m5/6CLzbP4/liHt12Ew==",
      "dev": true,
      "bin": {
        "prettier": "bin/prettier.cjs"
      },
      "engines": {
        "node": ">=14"
      },
      "funding": {
        "url": "https://github.com/prettier/prettier?sponsor=1"
      }
    },
    "node_modules/typescript": {
      "version": "5.7.2",
      "resolved": "https://registry.npmjs.org/typescript/-/typescript-5.7.2.tgz",
      "integrity": "sha512-i5t66RHxDvVN40HfDd1PsEThGNnlMCMT3jMUuoh9/0TaqWevNontacunWyN02LA9/fIbEWlcHZcgTKb9QoaLfg==",
      "dev": true,
      "bin": {
        "tsc": "bin/tsc",
        "tsserver": "bin/tsserver"
      },
      "engines": {
        "node": ">=14.17"
      }
    },
    "node_modules/undici-types": {
      "version": "6.19.8",
      "resolved": "https://registry.npmjs.org/undici-types/-/undici-types-6.19.8.tgz",
      "integrity": "sha512-ve2KP6f/JnbPBFyobGHuerC9g1FYGn/F8n1LWTwNxCEzd6IfqTwUQcNXgEtmmQ6DlRrC1hrSrBnCZPokRrDHjw==",
      "dev": true
    }
  },
  "dependencies": {
    "@mongodb-js/zstd": {
      "version": "1.2.2",
      "resolved": "https://registry.npmjs.org/@mongodb-js/zstd/-/zstd-1.2.2.tgz",
      "integrity": "sha512-NRXiFhk2Nl8UMuIZ4pviKkGVZY/e5P37Opam1u0OtgXjEE0kO1HLapA9heTcZ1PUomArnKS426XbiRFr5iaWvw==",
      "requires": {
        "@mongodb-js/zstd-darwin-arm64": "1.2.2",
        "@mongodb-js/zstd-darwin-x64": "1.2.2",
        "@mongodb-js/zstd-linux-arm64-gnu": "1.2.2",
        "@mongodb-js/zstd-linux-arm64-musl": "1.2.2",
        "@mongodb-js/zstd-linux-x64-gnu": "1.2.2",
        "@mongodb-js/zstd-linux-x64-musl": "1.2.2",
        "@mongodb-js/zstd-win32-x64-msvc": "1.2.2"
      }
    },
    "@mongodb-js/zstd-darwin-arm64": {
      "version": "1.2.2",
      "resolved": "https://registry.npmjs.org/@mongodb-js/zstd-darwin-arm64/-/zstd-darwin-arm64-1.2.2.tgz",
      "integrity": "sha512-hjQgub8fhn3itewwRSCSe3sl8rmnbZOFwuBHOZj4j4xu1Hde7xs+ACkfeEvvmNjUuxAzvc1MnDjHX2UwUlA7qA==",
      "optional": true
    },
    "@mongodb-js/zstd-darwin-x64": {
      "version": "1.2.2",
      "resolved": "https://registry.npmjs.org/@mongodb-js/zstd-darwin-x64/-/zstd-darwin-x64-1.2.2.tgz",
      "integrity": "sha512-gHSxcWgAdED/bDKyOqLhiwC0VYlhkhSyQuR0Fqcrl1CMpWSJAfu0jxhaEvM4Ncs6yH0+BPVwTp8xtHW2iJ5DuQ==",
      "optional": true
    },
    "@mongodb-js/zstd-linux-arm64-gnu": {
      "version": "1.2.2",
      "resolved": "https://registry.npmjs.org/@mongodb-js/zstd-linux-arm64-gnu/-/zstd-linux-arm64-gnu-1.2.2.tgz",
      "integrity": "sha512-DJVSC5IU/GlY9lY4qpKML/655OstZvueN/WZeuO8hyYJ5115x/usUM1pHpp7dbZWyUUhTlRIU4peR62Tk1H3lQ==",
      "optional": true
    },
    "@mongodb-js/zstd-linux-arm64-musl": {
      "version": "1.2.2",
      "resolved": "https://registry.npmjs.org/@mongodb-js/zstd-linux-arm64-musl/-/zstd-linux-arm64-musl-1.2.2.tgz",
      "integrity": "sha512-rxTmMF2NGLLijnw+MZCs0ixiE+NylpDYvUUkJemqjyHstlmYG0Ku6i3+SzViB6L0kkktwYSRpaI4y7OG+SFt3w==",
      "optional": true
    },
    "@mongodb-js/zstd-linux-x64-gnu": {
      "version": "1.2.2",
      "resolved": "https://registry.npmjs.org/@mongodb-js/zstd-linux-x64-gnu/-/zstd-linux-x64-gnu-1.2.2.tgz",
      "integrity": "sha512-ctz/XY6aX2THxkTjAygOYbyFp2/UYbqZIF3sB1F5Cjcbus9wfD3vPbaDegqRjQhlHBvKia3IjqJDUiC+aZxmww==",
      "optional": true
    },
    "@mongodb-js/zstd-linux-x64-musl": {
      "version": "1.2.2",
      "resolved": "https://registry.npmjs.org/@mongodb-js/zstd-linux-x64-musl/-/zstd-linux-x64-musl-1.2.2.tgz",
      "integrity": "sha512-EqD271yPIRBGbkMtBJSVTLlUrukTsmi7qt1G3dh+Z9RWVXn5MXnlnEn4znfBXoaVqlniUNZhmzDEaATNIktJpw==",
      "optional": true
    },
    "@mongodb-js/zstd-win32-x64-msvc": {
      "version": "1.2.2",
      "resolved": "https://registry.npmjs.org/@mongodb-js/zstd-win32-x64-msvc/-/zstd-win32-x64-msvc-1.2.2.tgz",
      "integrity": "sha512-h3O9NGOrGtfQ7g+rFqs5Hn+GSmgF2ik+xg0/1crNUXWthcBsxcCK5woawHfDcJxWkaiijJe5PVo6/fo8Jm7qCg==",
      "optional": true
    },
    "@tsconfig/node14": {
      "version": "14.1.2",
      "resolved": "https://registry.npmjs.org/@tsconfig/node14/-/node14-14.1.2.tgz",
      "integrity": "sha512-1vncsbfCZ3TBLPxesRYz02Rn7SNJfbLoDVkcZ7F/ixOV6nwxwgdhD1mdPcc5YQ413qBJ8CvMxXMFfJ7oawjo7Q==",
      "dev": true
    },
    "@types/node": {
      "version": "22.9.3",
      "resolved": "https://registry.npmjs.org/@types/node/-/node-22.9.3.tgz",
      "integrity": "sha512-F3u1fs/fce3FFk+DAxbxc78DF8x0cY09RRL8GnXLmkJ1jvx3TtPdWoTT5/NiYfI5ASqXBmfqJi9dZ3gxMx4lzw==",
      "dev": true,
      "requires": {
        "undici-types": "~6.19.8"
      }
    },
    "jose": {
      "version": "5.9.6",
      "resolved": "https://registry.npmjs.org/jose/-/jose-5.9.6.tgz",
      "integrity": "sha512-AMlnetc9+CV9asI19zHmrgS/WYsWUwCn2R7RzlbJWD7F9eWYUTGyBmU9o6PxngtLGOiDGPRu+Uc4fhKzbpteZQ=="
    },
    "kafkajs": {
      "version": "2.2.4",
      "resolved": "https://registry.npmjs.org/kafkajs/-/kafkajs-2.2.4.tgz",
      "integrity": "sha512-j/YeapB1vfPT2iOIUn/vxdyKEuhuY2PxMBvf5JWux6iSaukAccrMtXEY/Lb7OvavDhOWME589bpLrEdnVHjfjA=="
    },
    "oauth4webapi": {
      "version": "3.1.3",
      "resolved": "https://registry.npmjs.org/oauth4webapi/-/oauth4webapi-3.1.3.tgz",
      "integrity": "sha512-dik5wEMdFL5p3JlijYvM7wMNCgaPhblLIDCZtdXcaZp5wgu5Iwmsu7lMzgFhIDTi5d0BJo03LVoOoFQvXMeOeQ=="
    },
    "openid-client": {
      "version": "6.1.6",
      "resolved": "https://registry.npmjs.org/openid-client/-/openid-client-6.1.6.tgz",
      "integrity": "sha512-ZvMKXUKKQ7AA2ZykmoA8C/1DovRY2Fzdp860xcZQIAZoWS7OGZcO9Z2FJ53jAAO505VTD7M2mgW0fdiJqaf8CQ==",
      "requires": {
        "jose": "^5.9.6",
        "oauth4webapi": "^3.1.3"
      }
    },
    "prettier": {
      "version": "3.3.3",
      "resolved": "https://registry.npmjs.org/prettier/-/prettier-3.3.3.tgz",
      "integrity": "sha512-i2tDNA0O5IrMO757lfrdQZCc2jPNDVntV0m/+4whiDfWaTKfMNgR7Qz0NAeGz/nRqF4m5/6CLzbP4/liHt12Ew==",
      "dev": true
    },
    "typescript": {
      "version": "5.7.2",
      "resolved": "https://registry.npmjs.org/typescript/-/typescript-5.7.2.tgz",
      "integrity": "sha512-i5t66RHxDvVN40HfDd1PsEThGNnlMCMT3jMUuoh9/0TaqWevNontacunWyN02LA9/fIbEWlcHZcgTKb9QoaLfg==",
      "dev": true
    },
    "undici-types": {
      "version": "6.19.8",
      "resolved": "https://registry.npmjs.org/undici-types/-/undici-types-6.19.8.tgz",
      "integrity": "sha512-ve2KP6f/JnbPBFyobGHuerC9g1FYGn/F8n1LWTwNxCEzd6IfqTwUQcNXgEtmmQ6DlRrC1hrSrBnCZPokRrDHjw==",
      "dev": true
    }
  }
}
